PODS:
  - Flutter (1.0.0)
  - integration_test (0.0.1):
    - Flutter
  - pfx_reader (0.0.1):
    - Flutter

DEPENDENCIES:
  - Flutter (from `Flutter`)
  - integration_test (from `.symlinks/plugins/integration_test/ios`)
  - pfx_reader (from `.symlinks/plugins/pfx_reader/ios`)

EXTERNAL SOURCES:
  Flutter:
    :path: Flutter
  integration_test:
    :path: ".symlinks/plugins/integration_test/ios"
  pfx_reader:
    :path: ".symlinks/plugins/pfx_reader/ios"

SPEC CHECKSUMS:
  Flutter: cabc95a1d2626b1b06e7179b784ebcf0c0cde467
  integration_test: 4a889634ef21a45d28d50d622cf412dc6d9f586e
  pfx_reader: c9aba9ed27bef65b19259199302f483d5f48cfe7

PODFILE CHECKSUM: 3c63482e143d1b91d2d2560aee9fb04ecc74ac7e

COCOAPODS: 1.16.2
